
Microsoft Visual Studio Solution File, Format Version 12.00
# Visual Studio Version 16
VisualStudioVersion = 16.0.30114.105
MinimumVisualStudioVersion = 10.0.40219.1
Project("{FAE04EC0-301F-11D3-BF4B-00C04F79EFBC}") = "Revise", "Revise.csproj", "{1E852A05-92B2-4B2F-BAF4-BA8A1FA21CAA}"
EndProject
Global
	GlobalSection(SolutionConfigurationPlatforms) = preSolution
		Debug|Any CPU = Debug|Any CPU
		Release|Any CPU = Release|Any CPU
	EndGlobalSection
	GlobalSection(ProjectConfigurationPlatforms) = postSolution
		{1E852A05-92B2-4B2F-BAF4-BA8A1FA21CAA}.Debug|Any CPU.ActiveCfg = Debug|Any CPU
		{1E852A05-92B2-4B2F-BAF4-BA8A1FA21CAA}.Debug|Any CPU.Build.0 = Debug|Any CPU
		{1E852A05-92B2-4B2F-BAF4-BA8A1FA21CAA}.Release|Any CPU.ActiveCfg = Release|Any CPU
		{1E852A05-92B2-4B2F-BAF4-BA8A1FA21CAA}.Release|Any CPU.Build.0 = Release|Any CPU
	EndGlobalSection
	GlobalSection(SolutionProperties) = preSolution
		HideSolutionNode = FALSE
	EndGlobalSection
	GlobalSection(ExtensibilityGlobals) = postSolution
		SolutionGuid = {68E4D99F-A62A-45C7-8356-63B3093D64EA}
	EndGlobalSection
EndGlobal
